// !$*UTF8*$!
{
	archiveVersion = 1;
	classes = {
	};
	objectVersion = 46;
	objects = {

/* Begin PBXBuildFile section */
		181426771EA990CE004CA3E5 /* ScreenShotViewController.swift in Sources */ = {isa = PBXBuildFile; fileRef = 181426761EA990CE004CA3E5 /* ScreenShotViewController.swift */; };
		181426791EA99BF7004CA3E5 /* MainContainerViewController.swift in Sources */ = {isa = PBXBuildFile; fileRef = 181426781EA99BF7004CA3E5 /* MainContainerViewController.swift */; };
		1814267B1EA9B450004CA3E5 /* EditorViewController.swift in Sources */ = {isa = PBXBuildFile; fileRef = 1814267A1EA9B450004CA3E5 /* EditorViewController.swift */; };
		1814267D1EA9BD69004CA3E5 /* EditorTabViewController.swift in Sources */ = {isa = PBXBuildFile; fileRef = 1814267C1EA9BD69004CA3E5 /* EditorTabViewController.swift */; };
		1814267F1EA9CB2F004CA3E5 /* ImageEditorViewController.swift in Sources */ = {isa = PBXBuildFile; fileRef = 1814267E1EA9CB2F004CA3E5 /* ImageEditorViewController.swift */; };
		18B001CD1EA69C92003C3214 /* AppDelegate.swift in Sources */ = {isa = PBXBuildFile; fileRef = 18B001CC1EA69C92003C3214 /* AppDelegate.swift */; };
		18B001CF1EA69C92003C3214 /* ViewController.swift in Sources */ = {isa = PBXBuildFile; fileRef = 18B001CE1EA69C92003C3214 /* ViewController.swift */; };
		18B001D21EA69C92003C3214 /* Drone_Files.xcdatamodeld in Sources */ = {isa = PBXBuildFile; fileRef = 18B001D01EA69C92003C3214 /* Drone_Files.xcdatamodeld */; };
		18B001D41EA69C92003C3214 /* Assets.xcassets in Resources */ = {isa = PBXBuildFile; fileRef = 18B001D31EA69C92003C3214 /* Assets.xcassets */; };
		18B001D71EA69C92003C3214 /* Main.storyboard in Resources */ = {isa = PBXBuildFile; fileRef = 18B001D51EA69C92003C3214 /* Main.storyboard */; };
		18B001E21EA69C92003C3214 /* Drone_FilesTests.swift in Sources */ = {isa = PBXBuildFile; fileRef = 18B001E11EA69C92003C3214 /* Drone_FilesTests.swift */; };
		18B001ED1EA69C92003C3214 /* Drone_FilesUITests.swift in Sources */ = {isa = PBXBuildFile; fileRef = 18B001EC1EA69C92003C3214 /* Drone_FilesUITests.swift */; };
		18B001FB1EA6A09D003C3214 /* WindowController.swift in Sources */ = {isa = PBXBuildFile; fileRef = 18B001FA1EA6A09D003C3214 /* WindowController.swift */; };
		18B001FD1EA6A0A8003C3214 /* Directory.swift in Sources */ = {isa = PBXBuildFile; fileRef = 18B001FC1EA6A0A8003C3214 /* Directory.swift */; };
		18B001FF1EA6FCD4003C3214 /* VideoPlayerController.swift in Sources */ = {isa = PBXBuildFile; fileRef = 18B001FE1EA6FCD4003C3214 /* VideoPlayerController.swift */; };
/* End PBXBuildFile section */

/* Begin PBXContainerItemProxy section */
		18B001DE1EA69C92003C3214 /* PBXContainerItemProxy */ = {
			isa = PBXContainerItemProxy;
			containerPortal = 18B001C11EA69C92003C3214 /* Project object */;
			proxyType = 1;
			remoteGlobalIDString = 18B001C81EA69C92003C3214;
			remoteInfo = "Drone Files";
		};
		18B001E91EA69C92003C3214 /* PBXContainerItemProxy */ = {
			isa = PBXContainerItemProxy;
			containerPortal = 18B001C11EA69C92003C3214 /* Project object */;
			proxyType = 1;
			remoteGlobalIDString = 18B001C81EA69C92003C3214;
			remoteInfo = "Drone Files";
		};
/* End PBXContainerItemProxy section */

/* Begin PBXFileReference section */
		181426761EA990CE004CA3E5 /* ScreenShotViewController.swift */ = {isa = PBXFileReference; fileEncoding = 4; lastKnownFileType = sourcecode.swift; path = ScreenShotViewController.swift; sourceTree = "<group>"; };
		181426781EA99BF7004CA3E5 /* MainContainerViewController.swift */ = {isa = PBXFileReference; fileEncoding = 4; lastKnownFileType = sourcecode.swift; path = MainContainerViewController.swift; sourceTree = "<group>"; };
		1814267A1EA9B450004CA3E5 /* EditorViewController.swift */ = {isa = PBXFileReference; fileEncoding = 4; lastKnownFileType = sourcecode.swift; path = EditorViewController.swift; sourceTree = "<group>"; };
		1814267C1EA9BD69004CA3E5 /* EditorTabViewController.swift */ = {isa = PBXFileReference; fileEncoding = 4; lastKnownFileType = sourcecode.swift; path = EditorTabViewController.swift; sourceTree = "<group>"; };
		1814267E1EA9CB2F004CA3E5 /* ImageEditorViewController.swift */ = {isa = PBXFileReference; fileEncoding = 4; lastKnownFileType = sourcecode.swift; path = ImageEditorViewController.swift; sourceTree = "<group>"; };
		18B001C91EA69C92003C3214 /* Drone Files.app */ = {isa = PBXFileReference; explicitFileType = wrapper.application; includeInIndex = 0; path = "Drone Files.app"; sourceTree = BUILT_PRODUCTS_DIR; };
		18B001CC1EA69C92003C3214 /* AppDelegate.swift */ = {isa = PBXFileReference; lastKnownFileType = sourcecode.swift; path = AppDelegate.swift; sourceTree = "<group>"; };
		18B001CE1EA69C92003C3214 /* ViewController.swift */ = {isa = PBXFileReference; lastKnownFileType = sourcecode.swift; path = ViewController.swift; sourceTree = "<group>"; };
		18B001D11EA69C92003C3214 /* Drone_Files.xcdatamodel */ = {isa = PBXFileReference; lastKnownFileType = wrapper.xcdatamodel; path = Drone_Files.xcdatamodel; sourceTree = "<group>"; };
		18B001D31EA69C92003C3214 /* Assets.xcassets */ = {isa = PBXFileReference; lastKnownFileType = folder.assetcatalog; path = Assets.xcassets; sourceTree = "<group>"; };
		18B001D61EA69C92003C3214 /* Base */ = {isa = PBXFileReference; lastKnownFileType = file.storyboard; name = Base; path = Base.lproj/Main.storyboard; sourceTree = "<group>"; };
		18B001D81EA69C92003C3214 /* Info.plist */ = {isa = PBXFileReference; lastKnownFileType = text.plist.xml; path = Info.plist; sourceTree = "<group>"; };
		18B001DD1EA69C92003C3214 /* Drone FilesTests.xctest */ = {isa = PBXFileReference; explicitFileType = wrapper.cfbundle; includeInIndex = 0; path = "Drone FilesTests.xctest"; sourceTree = BUILT_PRODUCTS_DIR; };
		18B001E11EA69C92003C3214 /* Drone_FilesTests.swift */ = {isa = PBXFileReference; lastKnownFileType = sourcecode.swift; path = Drone_FilesTests.swift; sourceTree = "<group>"; };
		18B001E31EA69C92003C3214 /* Info.plist */ = {isa = PBXFileReference; lastKnownFileType = text.plist.xml; path = Info.plist; sourceTree = "<group>"; };
		18B001E81EA69C92003C3214 /* Drone FilesUITests.xctest */ = {isa = PBXFileReference; explicitFileType = wrapper.cfbundle; includeInIndex = 0; path = "Drone FilesUITests.xctest"; sourceTree = BUILT_PRODUCTS_DIR; };
		18B001EC1EA69C92003C3214 /* Drone_FilesUITests.swift */ = {isa = PBXFileReference; lastKnownFileType = sourcecode.swift; path = Drone_FilesUITests.swift; sourceTree = "<group>"; };
		18B001EE1EA69C92003C3214 /* Info.plist */ = {isa = PBXFileReference; lastKnownFileType = text.plist.xml; path = Info.plist; sourceTree = "<group>"; };
		18B001FA1EA6A09D003C3214 /* WindowController.swift */ = {isa = PBXFileReference; fileEncoding = 4; lastKnownFileType = sourcecode.swift; path = WindowController.swift; sourceTree = "<group>"; };
		18B001FC1EA6A0A8003C3214 /* Directory.swift */ = {isa = PBXFileReference; fileEncoding = 4; lastKnownFileType = sourcecode.swift; path = Directory.swift; sourceTree = "<group>"; };
		18B001FE1EA6FCD4003C3214 /* VideoPlayerController.swift */ = {isa = PBXFileReference; fileEncoding = 4; lastKnownFileType = sourcecode.swift; path = VideoPlayerController.swift; sourceTree = "<group>"; };
/* End PBXFileReference section */

/* Begin PBXFrameworksBuildPhase section */
		18B001C61EA69C92003C3214 /* Frameworks */ = {
			isa = PBXFrameworksBuildPhase;
			buildActionMask = 2147483647;
			files = (
			);
			runOnlyForDeploymentPostprocessing = 0;
		};
		18B001DA1EA69C92003C3214 /* Frameworks */ = {
			isa = PBXFrameworksBuildPhase;
			buildActionMask = 2147483647;
			files = (
			);
			runOnlyForDeploymentPostprocessing = 0;
		};
		18B001E51EA69C92003C3214 /* Frameworks */ = {
			isa = PBXFrameworksBuildPhase;
			buildActionMask = 2147483647;
			files = (
			);
			runOnlyForDeploymentPostprocessing = 0;
		};
/* End PBXFrameworksBuildPhase section */

/* Begin PBXGroup section */
		18B001C01EA69C92003C3214 = {
			isa = PBXGroup;
			children = (
				18B001CB1EA69C92003C3214 /* Drone Files */,
				18B001E01EA69C92003C3214 /* Drone FilesTests */,
				18B001EB1EA69C92003C3214 /* Drone FilesUITests */,
				18B001CA1EA69C92003C3214 /* Products */,
			);
			sourceTree = "<group>";
		};
		18B001CA1EA69C92003C3214 /* Products */ = {
			isa = PBXGroup;
			children = (
				18B001C91EA69C92003C3214 /* Drone Files.app */,
				18B001DD1EA69C92003C3214 /* Drone FilesTests.xctest */,
				18B001E81EA69C92003C3214 /* Drone FilesUITests.xctest */,
			);
			name = Products;
			sourceTree = "<group>";
		};
		18B001CB1EA69C92003C3214 /* Drone Files */ = {
			isa = PBXGroup;
			children = (
				18B001CC1EA69C92003C3214 /* AppDelegate.swift */,
				181426761EA990CE004CA3E5 /* ScreenShotViewController.swift */,
				181426781EA99BF7004CA3E5 /* MainContainerViewController.swift */,
				18B001FC1EA6A0A8003C3214 /* Directory.swift */,
				1814267E1EA9CB2F004CA3E5 /* ImageEditorViewController.swift */,
				18B001CE1EA69C92003C3214 /* ViewController.swift */,
				18B001FE1EA6FCD4003C3214 /* VideoPlayerController.swift */,
				1814267C1EA9BD69004CA3E5 /* EditorTabViewController.swift */,
				1814267A1EA9B450004CA3E5 /* EditorViewController.swift */,
				18B001D31EA69C92003C3214 /* Assets.xcassets */,
				18B001D51EA69C92003C3214 /* Main.storyboard */,
				18B001FA1EA6A09D003C3214 /* WindowController.swift */,
				18B001D81EA69C92003C3214 /* Info.plist */,
				18B001D01EA69C92003C3214 /* Drone_Files.xcdatamodeld */,
			);
			path = "Drone Files";
			sourceTree = "<group>";
		};
		18B001E01EA69C92003C3214 /* Drone FilesTests */ = {
			isa = PBXGroup;
			children = (
				18B001E11EA69C92003C3214 /* Drone_FilesTests.swift */,
				18B001E31EA69C92003C3214 /* Info.plist */,
			);
			path = "Drone FilesTests";
			sourceTree = "<group>";
		};
		18B001EB1EA69C92003C3214 /* Drone FilesUITests */ = {
			isa = PBXGroup;
			children = (
				18B001EC1EA69C92003C3214 /* Drone_FilesUITests.swift */,
				18B001EE1EA69C92003C3214 /* Info.plist */,
			);
			path = "Drone FilesUITests";
			sourceTree = "<group>";
		};
/* End PBXGroup section */

/* Begin PBXNativeTarget section */
		18B001C81EA69C92003C3214 /* Drone Files */ = {
			isa = PBXNativeTarget;
			buildConfigurationList = 18B001F11EA69C92003C3214 /* Build configuration list for PBXNativeTarget "Drone Files" */;
			buildPhases = (
				18B001C51EA69C92003C3214 /* Sources */,
				18B001C61EA69C92003C3214 /* Frameworks */,
				18B001C71EA69C92003C3214 /* Resources */,
			);
			buildRules = (
			);
			dependencies = (
			);
			name = "Drone Files";
			productName = "Drone Files";
			productReference = 18B001C91EA69C92003C3214 /* Drone Files.app */;
			productType = "com.apple.product-type.application";
		};
		18B001DC1EA69C92003C3214 /* Drone FilesTests */ = {
			isa = PBXNativeTarget;
			buildConfigurationList = 18B001F41EA69C92003C3214 /* Build configuration list for PBXNativeTarget "Drone FilesTests" */;
			buildPhases = (
				18B001D91EA69C92003C3214 /* Sources */,
				18B001DA1EA69C92003C3214 /* Frameworks */,
				18B001DB1EA69C92003C3214 /* Resources */,
			);
			buildRules = (
			);
			dependencies = (
				18B001DF1EA69C92003C3214 /* PBXTargetDependency */,
			);
			name = "Drone FilesTests";
			productName = "Drone FilesTests";
			productReference = 18B001DD1EA69C92003C3214 /* Drone FilesTests.xctest */;
			productType = "com.apple.product-type.bundle.unit-test";
		};
		18B001E71EA69C92003C3214 /* Drone FilesUITests */ = {
			isa = PBXNativeTarget;
			buildConfigurationList = 18B001F71EA69C92003C3214 /* Build configuration list for PBXNativeTarget "Drone FilesUITests" */;
			buildPhases = (
				18B001E41EA69C92003C3214 /* Sources */,
				18B001E51EA69C92003C3214 /* Frameworks */,
				18B001E61EA69C92003C3214 /* Resources */,
			);
			buildRules = (
			);
			dependencies = (
				18B001EA1EA69C92003C3214 /* PBXTargetDependency */,
			);
			name = "Drone FilesUITests";
			productName = "Drone FilesUITests";
			productReference = 18B001E81EA69C92003C3214 /* Drone FilesUITests.xctest */;
			productType = "com.apple.product-type.bundle.ui-testing";
		};
/* End PBXNativeTarget section */

/* Begin PBXProject section */
		18B001C11EA69C92003C3214 /* Project object */ = {
			isa = PBXProject;
			attributes = {
				LastSwiftUpdateCheck = 0830;
				LastUpgradeCheck = 0830;
				ORGANIZATIONNAME = "The Web Freaks, INC";
				TargetAttributes = {
					18B001C81EA69C92003C3214 = {
						CreatedOnToolsVersion = 8.3.1;
						ProvisioningStyle = Automatic;
					};
					18B001DC1EA69C92003C3214 = {
						CreatedOnToolsVersion = 8.3.1;
						ProvisioningStyle = Automatic;
						TestTargetID = 18B001C81EA69C92003C3214;
					};
					18B001E71EA69C92003C3214 = {
						CreatedOnToolsVersion = 8.3.1;
						ProvisioningStyle = Automatic;
						TestTargetID = 18B001C81EA69C92003C3214;
					};
				};
			};
			buildConfigurationList = 18B001C41EA69C92003C3214 /* Build configuration list for PBXProject "Drone Files" */;
			compatibilityVersion = "Xcode 3.2";
			developmentRegion = English;
			hasScannedForEncodings = 0;
			knownRegions = (
				en,
				Base,
			);
			mainGroup = 18B001C01EA69C92003C3214;
			productRefGroup = 18B001CA1EA69C92003C3214 /* Products */;
			projectDirPath = "";
			projectRoot = "";
			targets = (
				18B001C81EA69C92003C3214 /* Drone Files */,
				18B001DC1EA69C92003C3214 /* Drone FilesTests */,
				18B001E71EA69C92003C3214 /* Drone FilesUITests */,
			);
		};
/* End PBXProject section */

/* Begin PBXResourcesBuildPhase section */
		18B001C71EA69C92003C3214 /* Resources */ = {
			isa = PBXResourcesBuildPhase;
			buildActionMask = 2147483647;
			files = (
				18B001D41EA69C92003C3214 /* Assets.xcassets in Resources */,
				18B001D71EA69C92003C3214 /* Main.storyboard in Resources */,
			);
			runOnlyForDeploymentPostprocessing = 0;
		};
		18B001DB1EA69C92003C3214 /* Resources */ = {
			isa = PBXResourcesBuildPhase;
			buildActionMask = 2147483647;
			files = (
			);
			runOnlyForDeploymentPostprocessing = 0;
		};
		18B001E61EA69C92003C3214 /* Resources */ = {
			isa = PBXResourcesBuildPhase;
			buildActionMask = 2147483647;
			files = (
			);
			runOnlyForDeploymentPostprocessing = 0;
		};
/* End PBXResourcesBuildPhase section */

/* Begin PBXSourcesBuildPhase section */
		18B001C51EA69C92003C3214 /* Sources */ = {
			isa = PBXSourcesBuildPhase;
			buildActionMask = 2147483647;
			files = (
				18B001CF1EA69C92003C3214 /* ViewController.swift in Sources */,
				1814267B1EA9B450004CA3E5 /* EditorViewController.swift in Sources */,
				181426791EA99BF7004CA3E5 /* MainContainerViewController.swift in Sources */,
				18B001FB1EA6A09D003C3214 /* WindowController.swift in Sources */,
				1814267F1EA9CB2F004CA3E5 /* ImageEditorViewController.swift in Sources */,
				181426771EA990CE004CA3E5 /* ScreenShotViewController.swift in Sources */,
				18B001FF1EA6FCD4003C3214 /* VideoPlayerController.swift in Sources */,
				18B001D21EA69C92003C3214 /* Drone_Files.xcdatamodeld in Sources */,
				18B001CD1EA69C92003C3214 /* AppDelegate.swift in Sources */,
				18B001FD1EA6A0A8003C3214 /* Directory.swift in Sources */,
				1814267D1EA9BD69004CA3E5 /* EditorTabViewController.swift in Sources */,
			);
			runOnlyForDeploymentPostprocessing = 0;
		};
		18B001D91EA69C92003C3214 /* Sources */ = {
			isa = PBXSourcesBuildPhase;
			buildActionMask = 2147483647;
			files = (
				18B001E21EA69C92003C3214 /* Drone_FilesTests.swift in Sources */,
			);
			runOnlyForDeploymentPostprocessing = 0;
		};
		18B001E41EA69C92003C3214 /* Sources */ = {
			isa = PBXSourcesBuildPhase;
			buildActionMask = 2147483647;
			files = (
				18B001ED1EA69C92003C3214 /* Drone_FilesUITests.swift in Sources */,
			);
			runOnlyForDeploymentPostprocessing = 0;
		};
/* End PBXSourcesBuildPhase section */

/* Begin PBXTargetDependency section */
		18B001DF1EA69C92003C3214 /* PBXTargetDependency */ = {
			isa = PBXTargetDependency;
			target = 18B001C81EA69C92003C3214 /* Drone Files */;
			targetProxy = 18B001DE1EA69C92003C3214 /* PBXContainerItemProxy */;
		};
		18B001EA1EA69C92003C3214 /* PBXTargetDependency */ = {
			isa = PBXTargetDependency;
			target = 18B001C81EA69C92003C3214 /* Drone Files */;
			targetProxy = 18B001E91EA69C92003C3214 /* PBXContainerItemProxy */;
		};
/* End PBXTargetDependency section */

/* Begin PBXVariantGroup section */
		18B001D51EA69C92003C3214 /* Main.storyboard */ = {
			isa = PBXVariantGroup;
			children = (
				18B001D61EA69C92003C3214 /* Base */,
			);
			name = Main.storyboard;
			sourceTree = "<group>";
		};
/* End PBXVariantGroup section */

/* Begin XCBuildConfiguration section */
		18B001EF1EA69C92003C3214 /* Debug */ = {
			isa = XCBuildConfiguration;
			buildSettings = {
				ALWAYS_SEARCH_USER_PATHS = NO;
				CLANG_ANALYZER_NONNULL = YES;
				CLANG_ANALYZER_NUMBER_OBJECT_CONVERSION = YES_AGGRESSIVE;
				CLANG_CXX_LANGUAGE_STANDARD = "gnu++0x";
				CLANG_CXX_LIBRARY = "libc++";
				CLANG_ENABLE_MODULES = YES;
				CLANG_ENABLE_OBJC_ARC = YES;
				CLANG_WARN_BOOL_CONVERSION = YES;
				CLANG_WARN_CONSTANT_CONVERSION = YES;
				CLANG_WARN_DIRECT_OBJC_ISA_USAGE = YES_ERROR;
				CLANG_WARN_DOCUMENTATION_COMMENTS = YES;
				CLANG_WARN_EMPTY_BODY = YES;
				CLANG_WARN_ENUM_CONVERSION = YES;
				CLANG_WARN_INFINITE_RECURSION = YES;
				CLANG_WARN_INT_CONVERSION = YES;
				CLANG_WARN_OBJC_ROOT_CLASS = YES_ERROR;
				CLANG_WARN_SUSPICIOUS_MOVE = YES;
				CLANG_WARN_UNREACHABLE_CODE = YES;
				CLANG_WARN__DUPLICATE_METHOD_MATCH = YES;
				CODE_SIGN_IDENTITY = "-";
				COPY_PHASE_STRIP = NO;
				DEBUG_INFORMATION_FORMAT = dwarf;
				ENABLE_STRICT_OBJC_MSGSEND = YES;
				ENABLE_TESTABILITY = YES;
				GCC_C_LANGUAGE_STANDARD = gnu99;
				GCC_DYNAMIC_NO_PIC = NO;
				GCC_NO_COMMON_BLOCKS = YES;
				GCC_OPTIMIZATION_LEVEL = 0;
				GCC_PREPROCESSOR_DEFINITIONS = (
					"DEBUG=1",
					"$(inherited)",
				);
				GCC_WARN_64_TO_32_BIT_CONVERSION = YES;
				GCC_WARN_ABOUT_RETURN_TYPE = YES_ERROR;
				GCC_WARN_UNDECLARED_SELECTOR = YES;
				GCC_WARN_UNINITIALIZED_AUTOS = YES_AGGRESSIVE;
				GCC_WARN_UNUSED_FUNCTION = YES;
				GCC_WARN_UNUSED_VARIABLE = YES;
				MACOSX_DEPLOYMENT_TARGET = 10.12;
				MTL_ENABLE_DEBUG_INFO = YES;
				ONLY_ACTIVE_ARCH = YES;
				SDKROOT = macosx;
				SWIFT_ACTIVE_COMPILATION_CONDITIONS = DEBUG;
				SWIFT_OPTIMIZATION_LEVEL = "-Onone";
			};
			name = Debug;
		};
		18B001F01EA69C92003C3214 /* Release */ = {
			isa = XCBuildConfiguration;
			buildSettings = {
				ALWAYS_SEARCH_USER_PATHS = NO;
				CLANG_ANALYZER_NONNULL = YES;
				CLANG_ANALYZER_NUMBER_OBJECT_CONVERSION = YES_AGGRESSIVE;
				CLANG_CXX_LANGUAGE_STANDARD = "gnu++0x";
				CLANG_CXX_LIBRARY = "libc++";
				CLANG_ENABLE_MODULES = YES;
				CLANG_ENABLE_OBJC_ARC = YES;
				CLANG_WARN_BOOL_CONVERSION = YES;
				CLANG_WARN_CONSTANT_CONVERSION = YES;
				CLANG_WARN_DIRECT_OBJC_ISA_USAGE = YES_ERROR;
				CLANG_WARN_DOCUMENTATION_COMMENTS = YES;
				CLANG_WARN_EMPTY_BODY = YES;
				CLANG_WARN_ENUM_CONVERSION = YES;
				CLANG_WARN_INFINITE_RECURSION = YES;
				CLANG_WARN_INT_CONVERSION = YES;
				CLANG_WARN_OBJC_ROOT_CLASS = YES_ERROR;
				CLANG_WARN_SUSPICIOUS_MOVE = YES;
				CLANG_WARN_UNREACHABLE_CODE = YES;
				CLANG_WARN__DUPLICATE_METHOD_MATCH = YES;
				CODE_SIGN_IDENTITY = "-";
				COPY_PHASE_STRIP = NO;
				DEBUG_INFORMATION_FORMAT = "dwarf-with-dsym";
				ENABLE_NS_ASSERTIONS = NO;
				ENABLE_STRICT_OBJC_MSGSEND = YES;
				GCC_C_LANGUAGE_STANDARD = gnu99;
				GCC_NO_COMMON_BLOCKS = YES;
				GCC_WARN_64_TO_32_BIT_CONVERSION = YES;
				GCC_WARN_ABOUT_RETURN_TYPE = YES_ERROR;
				GCC_WARN_UNDECLARED_SELECTOR = YES;
				GCC_WARN_UNINITIALIZED_AUTOS = YES_AGGRESSIVE;
				GCC_WARN_UNUSED_FUNCTION = YES;
				GCC_WARN_UNUSED_VARIABLE = YES;
				MACOSX_DEPLOYMENT_TARGET = 10.12;
				MTL_ENABLE_DEBUG_INFO = NO;
				SDKROOT = macosx;
				SWIFT_OPTIMIZATION_LEVEL = "-Owholemodule";
			};
			name = Release;
		};
		18B001F21EA69C92003C3214 /* Debug */ = {
			isa = XCBuildConfiguration;
			buildSettings = {
				ASSETCATALOG_COMPILER_APPICON_NAME = AppIcon;
				COMBINE_HIDPI_IMAGES = YES;
				INFOPLIST_FILE = "Drone Files/Info.plist";
				LD_RUNPATH_SEARCH_PATHS = "$(inherited) @executable_path/../Frameworks";
				PRODUCT_BUNDLE_IDENTIFIER = "com.thewebfreaks.Drone-Files";
				PRODUCT_NAME = "$(TARGET_NAME)";
				SWIFT_VERSION = 3.0;
			};
			name = Debug;
		};
		18B001F31EA69C92003C3214 /* Release */ = {
			isa = XCBuildConfiguration;
			buildSettings = {
				ASSETCATALOG_COMPILER_APPICON_NAME = AppIcon;
				COMBINE_HIDPI_IMAGES = YES;
				INFOPLIST_FILE = "Drone Files/Info.plist";
				LD_RUNPATH_SEARCH_PATHS = "$(inherited) @executable_path/../Frameworks";
				PRODUCT_BUNDLE_IDENTIFIER = "com.thewebfreaks.Drone-Files";
				PRODUCT_NAME = "$(TARGET_NAME)";
				SWIFT_VERSION = 3.0;
			};
			name = Release;
		};
		18B001F51EA69C92003C3214 /* Debug */ = {
			isa = XCBuildConfiguration;
			buildSettings = {
				ALWAYS_EMBED_SWIFT_STANDARD_LIBRARIES = YES;
				BUNDLE_LOADER = "$(TEST_HOST)";
				COMBINE_HIDPI_IMAGES = YES;
				INFOPLIST_FILE = "Drone FilesTests/Info.plist";
				LD_RUNPATH_SEARCH_PATHS = "$(inherited) @executable_path/../Frameworks @loader_path/../Frameworks";
				PRODUCT_BUNDLE_IDENTIFIER = "com.thewebfreaks.Drone-FilesTests";
				PRODUCT_NAME = "$(TARGET_NAME)";
				SWIFT_VERSION = 3.0;
				TEST_HOST = "$(BUILT_PRODUCTS_DIR)/Drone Files.app/Contents/MacOS/Drone Files";
			};
			name = Debug;
		};
		18B001F61EA69C92003C3214 /* Release */ = {
			isa = XCBuildConfiguration;
			buildSettings = {
				ALWAYS_EMBED_SWIFT_STANDARD_LIBRARIES = YES;
				BUNDLE_LOADER = "$(TEST_HOST)";
				COMBINE_HIDPI_IMAGES = YES;
				INFOPLIST_FILE = "Drone FilesTests/Info.plist";
				LD_RUNPATH_SEARCH_PATHS = "$(inherited) @executable_path/../Frameworks @loader_path/../Frameworks";
				PRODUCT_BUNDLE_IDENTIFIER = "com.thewebfreaks.Drone-FilesTests";
				PRODUCT_NAME = "$(TARGET_NAME)";
				SWIFT_VERSION = 3.0;
				TEST_HOST = "$(BUILT_PRODUCTS_DIR)/Drone Files.app/Contents/MacOS/Drone Files";
			};
			name = Release;
		};
		18B001F81EA69C92003C3214 /* Debug */ = {
			isa = XCBuildConfiguration;
			buildSettings = {
				ALWAYS_EMBED_SWIFT_STANDARD_LIBRARIES = YES;
				COMBINE_HIDPI_IMAGES = YES;
				INFOPLIST_FILE = "Drone FilesUITests/Info.plist";
				LD_RUNPATH_SEARCH_PATHS = "$(inherited) @executable_path/../Frameworks @loader_path/../Frameworks";
				PRODUCT_BUNDLE_IDENTIFIER = "com.thewebfreaks.Drone-FilesUITests";
				PRODUCT_NAME = "$(TARGET_NAME)";
				SWIFT_VERSION = 3.0;
				TEST_TARGET_NAME = "Drone Files";
			};
			name = Debug;
		};
		18B001F91EA69C92003C3214 /* Release */ = {
			isa = XCBuildConfiguration;
			buildSettings = {
				ALWAYS_EMBED_SWIFT_STANDARD_LIBRARIES = YES;
				COMBINE_HIDPI_IMAGES = YES;
				INFOPLIST_FILE = "Drone FilesUITests/Info.plist";
				LD_RUNPATH_SEARCH_PATHS = "$(inherited) @executable_path/../Frameworks @loader_path/../Frameworks";
				PRODUCT_BUNDLE_IDENTIFIER = "com.thewebfreaks.Drone-FilesUITests";
				PRODUCT_NAME = "$(TARGET_NAME)";
				SWIFT_VERSION = 3.0;
				TEST_TARGET_NAME = "Drone Files";
			};
			name = Release;
		};
/* End XCBuildConfiguration section */

/* Begin XCConfigurationList section */
		18B001C41EA69C92003C3214 /* Build configuration list for PBXProject "Drone Files" */ = {
			isa = XCConfigurationList;
			buildConfigurations = (
				18B001EF1EA69C92003C3214 /* Debug */,
				18B001F01EA69C92003C3214 /* Release */,
			);
			defaultConfigurationIsVisible = 0;
			defaultConfigurationName = Release;
		};
		18B001F11EA69C92003C3214 /* Build configuration list for PBXNativeTarget "Drone Files" */ = {
			isa = XCConfigurationList;
			buildConfigurations = (
				18B001F21EA69C92003C3214 /* Debug */,
				18B001F31EA69C92003C3214 /* Release */,
			);
			defaultConfigurationIsVisible = 0;
			defaultConfigurationName = Release;
		};
		18B001F41EA69C92003C3214 /* Build configuration list for PBXNativeTarget "Drone FilesTests" */ = {
			isa = XCConfigurationList;
			buildConfigurations = (
				18B001F51EA69C92003C3214 /* Debug */,
				18B001F61EA69C92003C3214 /* Release */,
			);
			defaultConfigurationIsVisible = 0;
			defaultConfigurationName = Release;
		};
		18B001F71EA69C92003C3214 /* Build configuration list for PBXNativeTarget "Drone FilesUITests" */ = {
			isa = XCConfigurationList;
			buildConfigurations = (
				18B001F81EA69C92003C3214 /* Debug */,
				18B001F91EA69C92003C3214 /* Release */,
			);
			defaultConfigurationIsVisible = 0;
			defaultConfigurationName = Release;
		};
/* End XCConfigurationList section */

/* Begin XCVersionGroup section */
		18B001D01EA69C92003C3214 /* Drone_Files.xcdatamodeld */ = {
			isa = XCVersionGroup;
			children = (
				18B001D11EA69C92003C3214 /* Drone_Files.xcdatamodel */,
			);
			currentVersion = 18B001D11EA69C92003C3214 /* Drone_Files.xcdatamodel */;
			path = Drone_Files.xcdatamodeld;
			sourceTree = "<group>";
			versionGroupType = wrapper.xcdatamodel;
		};
/* End XCVersionGroup section */
	};
	rootObject = 18B001C11EA69C92003C3214 /* Project object */;
}
