// !$*UTF8*$!
{
	archiveVersion = 1;
	classes = {
	};
	objectVersion = 46;
	objects = {

/* Begin PBXBuildFile section */
		1814267B1EA9B450004CA3E5 /* EditorViewController.swift in Sources */ = {isa = PBXBuildFile; fileRef = 1814267A1EA9B450004CA3E5 /* EditorViewController.swift */; };
		1814267D1EA9BD69004CA3E5 /* EditorTabViewController.swift in Sources */ = {isa = PBXBuildFile; fileRef = 1814267C1EA9BD69004CA3E5 /* EditorTabViewController.swift */; };
		1814267F1EA9CB2F004CA3E5 /* ImageEditorViewController.swift in Sources */ = {isa = PBXBuildFile; fileRef = 1814267E1EA9CB2F004CA3E5 /* ImageEditorViewController.swift */; };
		1836DB811EC4CB250000F749 /* MenuController.swift in Sources */ = {isa = PBXBuildFile; fileRef = 1836DB801EC4CB250000F749 /* MenuController.swift */; };
		1836DB831EC80B720000F749 /* SlideShowController.swift in Sources */ = {isa = PBXBuildFile; fileRef = 1836DB821EC80B720000F749 /* SlideShowController.swift */; };
		1836DB871EC824550000F749 /* SlideShowWindow.swift in Sources */ = {isa = PBXBuildFile; fileRef = 1836DB861EC824550000F749 /* SlideShowWindow.swift */; };
		1846C96C1EAA9F0F009C63FD /* ScreenshotViewController.swift in Sources */ = {isa = PBXBuildFile; fileRef = 1846C96B1EAA9F0F009C63FD /* ScreenshotViewController.swift */; };
		185F4C301EB038D40046C452 /* FileManagerOptionsCopyController.swift in Sources */ = {isa = PBXBuildFile; fileRef = 185F4C2F1EB038D40046C452 /* FileManagerOptionsCopyController.swift */; };
		185F4C321EB039840046C452 /* FileManagerOptionsOrganizeController.swift in Sources */ = {isa = PBXBuildFile; fileRef = 185F4C311EB039840046C452 /* FileManagerOptionsOrganizeController.swift */; };
		185F4C341EB0398F0046C452 /* FileManagerOptionsDeleteController.swift in Sources */ = {isa = PBXBuildFile; fileRef = 185F4C331EB0398F0046C452 /* FileManagerOptionsDeleteController.swift */; };
		185F4C361EB124440046C452 /* Window.swift in Sources */ = {isa = PBXBuildFile; fileRef = 185F4C351EB124440046C452 /* Window.swift */; };
		186A2E061ECC14DF000FE0AB /* ThemeTables.swift in Sources */ = {isa = PBXBuildFile; fileRef = 186A2E051ECC14DF000FE0AB /* ThemeTables.swift */; };
		187843A51EB3CB1D00BCD214 /* VideoSplitViewController.swift in Sources */ = {isa = PBXBuildFile; fileRef = 187843A41EB3CB1D00BCD214 /* VideoSplitViewController.swift */; };
		187843A71EB3CE6F00BCD214 /* VideoPlayerControlsController.swift in Sources */ = {isa = PBXBuildFile; fileRef = 187843A61EB3CE6F00BCD214 /* VideoPlayerControlsController.swift */; };
		187843AA1EB3E26100BCD214 /* VideoPlayerController.swift in Sources */ = {isa = PBXBuildFile; fileRef = 187843A91EB3E26100BCD214 /* VideoPlayerController.swift */; };
		187843AC1EB4F78200BCD214 /* FileCopyProgressIndicator.swift in Sources */ = {isa = PBXBuildFile; fileRef = 187843AB1EB4F78200BCD214 /* FileCopyProgressIndicator.swift */; };
		188272141EC9E19800EE50D0 /* AppSettings.swift in Sources */ = {isa = PBXBuildFile; fileRef = 188272131EC9E19800EE50D0 /* AppSettings.swift */; };
		188272161ECA5FD300EE50D0 /* Document.swift in Sources */ = {isa = PBXBuildFile; fileRef = 188272151ECA5FD300EE50D0 /* Document.swift */; };
		188272181ECA61F000EE50D0 /* DocumentController.swift in Sources */ = {isa = PBXBuildFile; fileRef = 188272171ECA61F000EE50D0 /* DocumentController.swift */; };
		188272201ECA704F00EE50D0 /* appicon-64px.png in Resources */ = {isa = PBXBuildFile; fileRef = 188272191ECA704F00EE50D0 /* appicon-64px.png */; };
		188272211ECA704F00EE50D0 /* appicon-1024px.png in Resources */ = {isa = PBXBuildFile; fileRef = 1882721A1ECA704F00EE50D0 /* appicon-1024px.png */; };
		188272221ECA704F00EE50D0 /* appicon-512px.png in Resources */ = {isa = PBXBuildFile; fileRef = 1882721B1ECA704F00EE50D0 /* appicon-512px.png */; };
		188272231ECA704F00EE50D0 /* appicon-256px.png in Resources */ = {isa = PBXBuildFile; fileRef = 1882721C1ECA704F00EE50D0 /* appicon-256px.png */; };
		188272241ECA704F00EE50D0 /* appicon-128px.png in Resources */ = {isa = PBXBuildFile; fileRef = 1882721D1ECA704F00EE50D0 /* appicon-128px.png */; };
		188272251ECA704F00EE50D0 /* appicon-32px.png in Resources */ = {isa = PBXBuildFile; fileRef = 1882721E1ECA704F00EE50D0 /* appicon-32px.png */; };
		188272261ECA704F00EE50D0 /* appicon-16px.png in Resources */ = {isa = PBXBuildFile; fileRef = 1882721F1ECA704F00EE50D0 /* appicon-16px.png */; };
		1882722A1ECA74C300EE50D0 /* darkbackground.png in Resources */ = {isa = PBXBuildFile; fileRef = 188272291ECA74C300EE50D0 /* darkbackground.png */; };
		1882722F1ECA898900EE50D0 /* ThemeLabel.swift in Sources */ = {isa = PBXBuildFile; fileRef = 1882722E1ECA898900EE50D0 /* ThemeLabel.swift */; };
		188272311ECA939300EE50D0 /* ThemePathControl.swift in Sources */ = {isa = PBXBuildFile; fileRef = 188272301ECA939300EE50D0 /* ThemePathControl.swift */; };
		188272351ECAA50100EE50D0 /* ThemeView.swift in Sources */ = {isa = PBXBuildFile; fileRef = 188272341ECAA50100EE50D0 /* ThemeView.swift */; };
		1882723A1ECAC76900EE50D0 /* darkbackground-2.jpg in Resources */ = {isa = PBXBuildFile; fileRef = 188272391ECAC76900EE50D0 /* darkbackground-2.jpg */; };
		1882723C1ECAC82300EE50D0 /* darkbackground-3.jpg in Resources */ = {isa = PBXBuildFile; fileRef = 1882723B1ECAC82300EE50D0 /* darkbackground-3.jpg */; };
		1882723E1ECAD4ED00EE50D0 /* ThemeButton.swift in Sources */ = {isa = PBXBuildFile; fileRef = 1882723D1ECAD4ED00EE50D0 /* ThemeButton.swift */; };
		188272411ECAD55400EE50D0 /* ThemeTabViewItem.swift in Sources */ = {isa = PBXBuildFile; fileRef = 1882723F1ECAD55400EE50D0 /* ThemeTabViewItem.swift */; };
		188272421ECAD55400EE50D0 /* ThemeCheckbox.swift in Sources */ = {isa = PBXBuildFile; fileRef = 188272401ECAD55400EE50D0 /* ThemeCheckbox.swift */; };
		188272461ECB759A00EE50D0 /* darkbrownbackground.png in Resources */ = {isa = PBXBuildFile; fileRef = 188272451ECB759A00EE50D0 /* darkbrownbackground.png */; };
		188272481ECB897E00EE50D0 /* darkbrownbackground-light.png in Resources */ = {isa = PBXBuildFile; fileRef = 188272471ECB897E00EE50D0 /* darkbrownbackground-light.png */; };
		1882724E1ECB9A3000EE50D0 /* tablerow-blue.png in Resources */ = {isa = PBXBuildFile; fileRef = 1882724D1ECB9A3000EE50D0 /* tablerow-blue.png */; };
		188272501ECB9ABC00EE50D0 /* tablerow-lightgray.png in Resources */ = {isa = PBXBuildFile; fileRef = 1882724F1ECB9ABC00EE50D0 /* tablerow-lightgray.png */; };
		188272521ECB9B2D00EE50D0 /* tablerow-dark.png in Resources */ = {isa = PBXBuildFile; fileRef = 188272511ECB9B2D00EE50D0 /* tablerow-dark.png */; };
		188272541ECB9BB100EE50D0 /* tablerow-black.png in Resources */ = {isa = PBXBuildFile; fileRef = 188272531ECB9BB100EE50D0 /* tablerow-black.png */; };
		188272561ECBFAE800EE50D0 /* NewProjectController.swift in Sources */ = {isa = PBXBuildFile; fileRef = 188272551ECBFAE800EE50D0 /* NewProjectController.swift */; };
		1883B15D1EAC445D00D722D5 /* Submarine.aiff in Resources */ = {isa = PBXBuildFile; fileRef = 1883B15C1EAC445D00D722D5 /* Submarine.aiff */; };
		189D40BC1EC244F000E1298C /* ImagEditorControlsController.swift in Sources */ = {isa = PBXBuildFile; fileRef = 189D40BB1EC244F000E1298C /* ImagEditorControlsController.swift */; };
		18A483051EAFFEB3007F735B /* FileManagerOptionsTabViewController.swift in Sources */ = {isa = PBXBuildFile; fileRef = 18A483041EAFFEB3007F735B /* FileManagerOptionsTabViewController.swift */; };
		18A483091EAFFEDB007F735B /* FileManagerOptionsMoveController.swift in Sources */ = {isa = PBXBuildFile; fileRef = 18A483081EAFFEDB007F735B /* FileManagerOptionsMoveController.swift */; };
		18A4830B1EAFFEE8007F735B /* FileManagerOptionsRenameController.swift in Sources */ = {isa = PBXBuildFile; fileRef = 18A4830A1EAFFEE8007F735B /* FileManagerOptionsRenameController.swift */; };
		18B001CD1EA69C92003C3214 /* AppDelegate.swift in Sources */ = {isa = PBXBuildFile; fileRef = 18B001CC1EA69C92003C3214 /* AppDelegate.swift */; };
		18B001D21EA69C92003C3214 /* Drone_Files.xcdatamodeld in Sources */ = {isa = PBXBuildFile; fileRef = 18B001D01EA69C92003C3214 /* Drone_Files.xcdatamodeld */; };
		18B001D41EA69C92003C3214 /* Assets.xcassets in Resources */ = {isa = PBXBuildFile; fileRef = 18B001D31EA69C92003C3214 /* Assets.xcassets */; };
		18B001D71EA69C92003C3214 /* Main.storyboard in Resources */ = {isa = PBXBuildFile; fileRef = 18B001D51EA69C92003C3214 /* Main.storyboard */; };
		18B001E21EA69C92003C3214 /* Drone_FilesTests.swift in Sources */ = {isa = PBXBuildFile; fileRef = 18B001E11EA69C92003C3214 /* Drone_FilesTests.swift */; };
		18B001ED1EA69C92003C3214 /* Drone_FilesUITests.swift in Sources */ = {isa = PBXBuildFile; fileRef = 18B001EC1EA69C92003C3214 /* Drone_FilesUITests.swift */; };
		18B001FB1EA6A09D003C3214 /* WindowController.swift in Sources */ = {isa = PBXBuildFile; fileRef = 18B001FA1EA6A09D003C3214 /* WindowController.swift */; };
		18B001FD1EA6A0A8003C3214 /* Directory.swift in Sources */ = {isa = PBXBuildFile; fileRef = 18B001FC1EA6A0A8003C3214 /* Directory.swift */; };
		18BAABA11EAD8F5A00EE5434 /* SplitViewController.swift in Sources */ = {isa = PBXBuildFile; fileRef = 18BAABA01EAD8F5A00EE5434 /* SplitViewController.swift */; };
		18BAABA51EAD98CC00EE5434 /* FileBrowserViewController.swift in Sources */ = {isa = PBXBuildFile; fileRef = 18BAABA41EAD98CC00EE5434 /* FileBrowserViewController.swift */; };
		18BAABA71EADA2CB00EE5434 /* Shutter.aif in Resources */ = {isa = PBXBuildFile; fileRef = 18BAABA61EADA2CB00EE5434 /* Shutter.aif */; };
		18BAABA91EADAF0200EE5434 /* SplitViewRightViewController.swift in Sources */ = {isa = PBXBuildFile; fileRef = 18BAABA81EADAF0200EE5434 /* SplitViewRightViewController.swift */; };
		18BAABAB1EADBDDE00EE5434 /* FileManagerViewController.swift in Sources */ = {isa = PBXBuildFile; fileRef = 18BAABAA1EADBDDD00EE5434 /* FileManagerViewController.swift */; };
		18C3A3D11EAE9068002F4CB5 /* FileManagerList.swift in Sources */ = {isa = PBXBuildFile; fileRef = 18C3A3D01EAE9068002F4CB5 /* FileManagerList.swift */; };
/* End PBXBuildFile section */

/* Begin PBXContainerItemProxy section */
		18B001DE1EA69C92003C3214 /* PBXContainerItemProxy */ = {
			isa = PBXContainerItemProxy;
			containerPortal = 18B001C11EA69C92003C3214 /* Project object */;
			proxyType = 1;
			remoteGlobalIDString = 18B001C81EA69C92003C3214;
			remoteInfo = "Drone Files";
		};
		18B001E91EA69C92003C3214 /* PBXContainerItemProxy */ = {
			isa = PBXContainerItemProxy;
			containerPortal = 18B001C11EA69C92003C3214 /* Project object */;
			proxyType = 1;
			remoteGlobalIDString = 18B001C81EA69C92003C3214;
			remoteInfo = "Drone Files";
		};
/* End PBXContainerItemProxy section */

/* Begin PBXCopyFilesBuildPhase section */
		18BA71041EC94E0600EE3595 /* CopyFiles */ = {
			isa = PBXCopyFilesBuildPhase;
			buildActionMask = 2147483647;
			dstPath = "";
			dstSubfolderSpec = 10;
			files = (
			);
			runOnlyForDeploymentPostprocessing = 0;
		};
/* End PBXCopyFilesBuildPhase section */

/* Begin PBXFileReference section */
		1814267A1EA9B450004CA3E5 /* EditorViewController.swift */ = {isa = PBXFileReference; fileEncoding = 4; lastKnownFileType = sourcecode.swift; path = EditorViewController.swift; sourceTree = "<group>"; };
		1814267C1EA9BD69004CA3E5 /* EditorTabViewController.swift */ = {isa = PBXFileReference; fileEncoding = 4; lastKnownFileType = sourcecode.swift; path = EditorTabViewController.swift; sourceTree = "<group>"; };
		1814267E1EA9CB2F004CA3E5 /* ImageEditorViewController.swift */ = {isa = PBXFileReference; fileEncoding = 4; lastKnownFileType = sourcecode.swift; path = ImageEditorViewController.swift; sourceTree = "<group>"; };
		1836DB801EC4CB250000F749 /* MenuController.swift */ = {isa = PBXFileReference; fileEncoding = 4; lastKnownFileType = sourcecode.swift; path = MenuController.swift; sourceTree = "<group>"; };
		1836DB821EC80B720000F749 /* SlideShowController.swift */ = {isa = PBXFileReference; fileEncoding = 4; lastKnownFileType = sourcecode.swift; path = SlideShowController.swift; sourceTree = "<group>"; };
		1836DB861EC824550000F749 /* SlideShowWindow.swift */ = {isa = PBXFileReference; fileEncoding = 4; lastKnownFileType = sourcecode.swift; path = SlideShowWindow.swift; sourceTree = "<group>"; };
		1846C96B1EAA9F0F009C63FD /* ScreenshotViewController.swift */ = {isa = PBXFileReference; fileEncoding = 4; lastKnownFileType = sourcecode.swift; path = ScreenshotViewController.swift; sourceTree = "<group>"; };
		185F4C2F1EB038D40046C452 /* FileManagerOptionsCopyController.swift */ = {isa = PBXFileReference; fileEncoding = 4; lastKnownFileType = sourcecode.swift; path = FileManagerOptionsCopyController.swift; sourceTree = "<group>"; };
		185F4C311EB039840046C452 /* FileManagerOptionsOrganizeController.swift */ = {isa = PBXFileReference; fileEncoding = 4; lastKnownFileType = sourcecode.swift; path = FileManagerOptionsOrganizeController.swift; sourceTree = "<group>"; };
		185F4C331EB0398F0046C452 /* FileManagerOptionsDeleteController.swift */ = {isa = PBXFileReference; fileEncoding = 4; lastKnownFileType = sourcecode.swift; path = FileManagerOptionsDeleteController.swift; sourceTree = "<group>"; };
		185F4C351EB124440046C452 /* Window.swift */ = {isa = PBXFileReference; fileEncoding = 4; lastKnownFileType = sourcecode.swift; path = Window.swift; sourceTree = "<group>"; };
		186A2E051ECC14DF000FE0AB /* ThemeTables.swift */ = {isa = PBXFileReference; fileEncoding = 4; lastKnownFileType = sourcecode.swift; path = ThemeTables.swift; sourceTree = "<group>"; };
		187843A41EB3CB1D00BCD214 /* VideoSplitViewController.swift */ = {isa = PBXFileReference; fileEncoding = 4; lastKnownFileType = sourcecode.swift; path = VideoSplitViewController.swift; sourceTree = "<group>"; };
		187843A61EB3CE6F00BCD214 /* VideoPlayerControlsController.swift */ = {isa = PBXFileReference; fileEncoding = 4; lastKnownFileType = sourcecode.swift; path = VideoPlayerControlsController.swift; sourceTree = "<group>"; };
		187843A91EB3E26100BCD214 /* VideoPlayerController.swift */ = {isa = PBXFileReference; fileEncoding = 4; lastKnownFileType = sourcecode.swift; path = VideoPlayerController.swift; sourceTree = "<group>"; };
		187843AB1EB4F78200BCD214 /* FileCopyProgressIndicator.swift */ = {isa = PBXFileReference; fileEncoding = 4; lastKnownFileType = sourcecode.swift; path = FileCopyProgressIndicator.swift; sourceTree = "<group>"; };
		188272131EC9E19800EE50D0 /* AppSettings.swift */ = {isa = PBXFileReference; fileEncoding = 4; lastKnownFileType = sourcecode.swift; path = AppSettings.swift; sourceTree = "<group>"; };
		188272151ECA5FD300EE50D0 /* Document.swift */ = {isa = PBXFileReference; fileEncoding = 4; lastKnownFileType = sourcecode.swift; path = Document.swift; sourceTree = "<group>"; };
		188272171ECA61F000EE50D0 /* DocumentController.swift */ = {isa = PBXFileReference; fileEncoding = 4; lastKnownFileType = sourcecode.swift; path = DocumentController.swift; sourceTree = "<group>"; };
		188272191ECA704F00EE50D0 /* appicon-64px.png */ = {isa = PBXFileReference; lastKnownFileType = image.png; name = "appicon-64px.png"; path = "../../../../Graphics/Drone Files/appicon-64px.png"; sourceTree = "<group>"; };
		1882721A1ECA704F00EE50D0 /* appicon-1024px.png */ = {isa = PBXFileReference; lastKnownFileType = image.png; name = "appicon-1024px.png"; path = "../../../../Graphics/Drone Files/appicon-1024px.png"; sourceTree = "<group>"; };
		1882721B1ECA704F00EE50D0 /* appicon-512px.png */ = {isa = PBXFileReference; lastKnownFileType = image.png; name = "appicon-512px.png"; path = "../../../../Graphics/Drone Files/appicon-512px.png"; sourceTree = "<group>"; };
		1882721C1ECA704F00EE50D0 /* appicon-256px.png */ = {isa = PBXFileReference; lastKnownFileType = image.png; name = "appicon-256px.png"; path = "../../../../Graphics/Drone Files/appicon-256px.png"; sourceTree = "<group>"; };
		1882721D1ECA704F00EE50D0 /* appicon-128px.png */ = {isa = PBXFileReference; lastKnownFileType = image.png; name = "appicon-128px.png"; path = "../../../../Graphics/Drone Files/appicon-128px.png"; sourceTree = "<group>"; };
		1882721E1ECA704F00EE50D0 /* appicon-32px.png */ = {isa = PBXFileReference; lastKnownFileType = image.png; name = "appicon-32px.png"; path = "../../../../Graphics/Drone Files/appicon-32px.png"; sourceTree = "<group>"; };
		1882721F1ECA704F00EE50D0 /* appicon-16px.png */ = {isa = PBXFileReference; lastKnownFileType = image.png; name = "appicon-16px.png"; path = "../../../../Graphics/Drone Files/appicon-16px.png"; sourceTree = "<group>"; };
		188272291ECA74C300EE50D0 /* darkbackground.png */ = {isa = PBXFileReference; lastKnownFileType = image.png; name = darkbackground.png; path = ../../../Dronefiles/darkbackground.png; sourceTree = "<group>"; };
		1882722E1ECA898900EE50D0 /* ThemeLabel.swift */ = {isa = PBXFileReference; fileEncoding = 4; lastKnownFileType = sourcecode.swift; path = ThemeLabel.swift; sourceTree = "<group>"; };
		188272301ECA939300EE50D0 /* ThemePathControl.swift */ = {isa = PBXFileReference; fileEncoding = 4; lastKnownFileType = sourcecode.swift; path = ThemePathControl.swift; sourceTree = "<group>"; };
		188272341ECAA50100EE50D0 /* ThemeView.swift */ = {isa = PBXFileReference; fileEncoding = 4; lastKnownFileType = sourcecode.swift; path = ThemeView.swift; sourceTree = "<group>"; };
		188272391ECAC76900EE50D0 /* darkbackground-2.jpg */ = {isa = PBXFileReference; lastKnownFileType = image.jpeg; name = "darkbackground-2.jpg"; path = "../../../Dronefiles/darkbackground-2.jpg"; sourceTree = "<group>"; };
		1882723B1ECAC82300EE50D0 /* darkbackground-3.jpg */ = {isa = PBXFileReference; lastKnownFileType = image.jpeg; name = "darkbackground-3.jpg"; path = "../../../Dronefiles/darkbackground-3.jpg"; sourceTree = "<group>"; };
		1882723D1ECAD4ED00EE50D0 /* ThemeButton.swift */ = {isa = PBXFileReference; fileEncoding = 4; lastKnownFileType = sourcecode.swift; name = ThemeButton.swift; path = ../../../../Desktop/ThemeButton.swift; sourceTree = "<group>"; };
		1882723F1ECAD55400EE50D0 /* ThemeTabViewItem.swift */ = {isa = PBXFileReference; fileEncoding = 4; lastKnownFileType = sourcecode.swift; name = ThemeTabViewItem.swift; path = ../../../../Desktop/ThemeTabViewItem.swift; sourceTree = "<group>"; };
		188272401ECAD55400EE50D0 /* ThemeCheckbox.swift */ = {isa = PBXFileReference; fileEncoding = 4; lastKnownFileType = sourcecode.swift; name = ThemeCheckbox.swift; path = ../../../../Desktop/ThemeCheckbox.swift; sourceTree = "<group>"; };
		188272451ECB759A00EE50D0 /* darkbrownbackground.png */ = {isa = PBXFileReference; lastKnownFileType = image.png; name = darkbrownbackground.png; path = ../../../Dronefiles/darkbrownbackground.png; sourceTree = "<group>"; };
		188272471ECB897E00EE50D0 /* darkbrownbackground-light.png */ = {isa = PBXFileReference; lastKnownFileType = image.png; name = "darkbrownbackground-light.png"; path = "../../../Dronefiles/darkbrownbackground-light.png"; sourceTree = "<group>"; };
		1882724D1ECB9A3000EE50D0 /* tablerow-blue.png */ = {isa = PBXFileReference; lastKnownFileType = image.png; name = "tablerow-blue.png"; path = "../../../Dronefiles/tablerow-blue.png"; sourceTree = "<group>"; };
		1882724F1ECB9ABC00EE50D0 /* tablerow-lightgray.png */ = {isa = PBXFileReference; lastKnownFileType = image.png; name = "tablerow-lightgray.png"; path = "../../../Dronefiles/tablerow-lightgray.png"; sourceTree = "<group>"; };
		188272511ECB9B2D00EE50D0 /* tablerow-dark.png */ = {isa = PBXFileReference; lastKnownFileType = image.png; name = "tablerow-dark.png"; path = "../../../Dronefiles/tablerow-dark.png"; sourceTree = "<group>"; };
		188272531ECB9BB100EE50D0 /* tablerow-black.png */ = {isa = PBXFileReference; lastKnownFileType = image.png; name = "tablerow-black.png"; path = "../../../Dronefiles/tablerow-black.png"; sourceTree = "<group>"; };
		188272551ECBFAE800EE50D0 /* NewProjectController.swift */ = {isa = PBXFileReference; fileEncoding = 4; lastKnownFileType = sourcecode.swift; path = NewProjectController.swift; sourceTree = "<group>"; };
		1883B15C1EAC445D00D722D5 /* Submarine.aiff */ = {isa = PBXFileReference; lastKnownFileType = audio.aiff; path = Submarine.aiff; sourceTree = "<group>"; };
		189D40BB1EC244F000E1298C /* ImagEditorControlsController.swift */ = {isa = PBXFileReference; fileEncoding = 4; lastKnownFileType = sourcecode.swift; path = ImagEditorControlsController.swift; sourceTree = "<group>"; };
		18A483041EAFFEB3007F735B /* FileManagerOptionsTabViewController.swift */ = {isa = PBXFileReference; fileEncoding = 4; lastKnownFileType = sourcecode.swift; path = FileManagerOptionsTabViewController.swift; sourceTree = "<group>"; };
		18A483081EAFFEDB007F735B /* FileManagerOptionsMoveController.swift */ = {isa = PBXFileReference; fileEncoding = 4; lastKnownFileType = sourcecode.swift; path = FileManagerOptionsMoveController.swift; sourceTree = "<group>"; };
		18A4830A1EAFFEE8007F735B /* FileManagerOptionsRenameController.swift */ = {isa = PBXFileReference; fileEncoding = 4; lastKnownFileType = sourcecode.swift; path = FileManagerOptionsRenameController.swift; sourceTree = "<group>"; };
		18B001C91EA69C92003C3214 /* Drone Files.app */ = {isa = PBXFileReference; explicitFileType = wrapper.application; includeInIndex = 0; path = "Drone Files.app"; sourceTree = BUILT_PRODUCTS_DIR; };
		18B001CC1EA69C92003C3214 /* AppDelegate.swift */ = {isa = PBXFileReference; lastKnownFileType = sourcecode.swift; path = AppDelegate.swift; sourceTree = "<group>"; };
		18B001D11EA69C92003C3214 /* Drone_Files.xcdatamodel */ = {isa = PBXFileReference; lastKnownFileType = wrapper.xcdatamodel; path = Drone_Files.xcdatamodel; sourceTree = "<group>"; };
		18B001D31EA69C92003C3214 /* Assets.xcassets */ = {isa = PBXFileReference; lastKnownFileType = folder.assetcatalog; path = Assets.xcassets; sourceTree = "<group>"; };
		18B001D61EA69C92003C3214 /* Base */ = {isa = PBXFileReference; lastKnownFileType = file.storyboard; name = Base; path = Base.lproj/Main.storyboard; sourceTree = "<group>"; };
		18B001D81EA69C92003C3214 /* Info.plist */ = {isa = PBXFileReference; lastKnownFileType = text.plist.xml; path = Info.plist; sourceTree = "<group>"; };
		18B001DD1EA69C92003C3214 /* Drone FilesTests.xctest */ = {isa = PBXFileReference; explicitFileType = wrapper.cfbundle; includeInIndex = 0; path = "Drone FilesTests.xctest"; sourceTree = BUILT_PRODUCTS_DIR; };
		18B001E11EA69C92003C3214 /* Drone_FilesTests.swift */ = {isa = PBXFileReference; lastKnownFileType = sourcecode.swift; path = Drone_FilesTests.swift; sourceTree = "<group>"; };
		18B001E31EA69C92003C3214 /* Info.plist */ = {isa = PBXFileReference; lastKnownFileType = text.plist.xml; path = Info.plist; sourceTree = "<group>"; };
		18B001E81EA69C92003C3214 /* Drone FilesUITests.xctest */ = {isa = PBXFileReference; explicitFileType = wrapper.cfbundle; includeInIndex = 0; path = "Drone FilesUITests.xctest"; sourceTree = BUILT_PRODUCTS_DIR; };
		18B001EC1EA69C92003C3214 /* Drone_FilesUITests.swift */ = {isa = PBXFileReference; lastKnownFileType = sourcecode.swift; path = Drone_FilesUITests.swift; sourceTree = "<group>"; };
		18B001EE1EA69C92003C3214 /* Info.plist */ = {isa = PBXFileReference; lastKnownFileType = text.plist.xml; path = Info.plist; sourceTree = "<group>"; };
		18B001FA1EA6A09D003C3214 /* WindowController.swift */ = {isa = PBXFileReference; fileEncoding = 4; lastKnownFileType = sourcecode.swift; path = WindowController.swift; sourceTree = "<group>"; };
		18B001FC1EA6A0A8003C3214 /* Directory.swift */ = {isa = PBXFileReference; fileEncoding = 4; lastKnownFileType = sourcecode.swift; path = Directory.swift; sourceTree = "<group>"; };
		18BAABA01EAD8F5A00EE5434 /* SplitViewController.swift */ = {isa = PBXFileReference; fileEncoding = 4; lastKnownFileType = sourcecode.swift; path = SplitViewController.swift; sourceTree = "<group>"; };
		18BAABA41EAD98CC00EE5434 /* FileBrowserViewController.swift */ = {isa = PBXFileReference; fileEncoding = 4; lastKnownFileType = sourcecode.swift; path = FileBrowserViewController.swift; sourceTree = "<group>"; };
		18BAABA61EADA2CB00EE5434 /* Shutter.aif */ = {isa = PBXFileReference; lastKnownFileType = file; path = Shutter.aif; sourceTree = "<group>"; };
		18BAABA81EADAF0200EE5434 /* SplitViewRightViewController.swift */ = {isa = PBXFileReference; fileEncoding = 4; lastKnownFileType = sourcecode.swift; path = SplitViewRightViewController.swift; sourceTree = "<group>"; };
		18BAABAA1EADBDDD00EE5434 /* FileManagerViewController.swift */ = {isa = PBXFileReference; fileEncoding = 4; lastKnownFileType = sourcecode.swift; path = FileManagerViewController.swift; sourceTree = "<group>"; };
		18C3A3D01EAE9068002F4CB5 /* FileManagerList.swift */ = {isa = PBXFileReference; fileEncoding = 4; lastKnownFileType = sourcecode.swift; path = FileManagerList.swift; sourceTree = "<group>"; };
/* End PBXFileReference section */

/* Begin PBXFrameworksBuildPhase section */
		18B001C61EA69C92003C3214 /* Frameworks */ = {
			isa = PBXFrameworksBuildPhase;
			buildActionMask = 2147483647;
			files = (
			);
			runOnlyForDeploymentPostprocessing = 0;
		};
		18B001DA1EA69C92003C3214 /* Frameworks */ = {
			isa = PBXFrameworksBuildPhase;
			buildActionMask = 2147483647;
			files = (
			);
			runOnlyForDeploymentPostprocessing = 0;
		};
		18B001E51EA69C92003C3214 /* Frameworks */ = {
			isa = PBXFrameworksBuildPhase;
			buildActionMask = 2147483647;
			files = (
			);
			runOnlyForDeploymentPostprocessing = 0;
		};
/* End PBXFrameworksBuildPhase section */

/* Begin PBXGroup section */
		187843A81EB3CE8300BCD214 /* Video Player */ = {
			isa = PBXGroup;
			children = (
				187843A41EB3CB1D00BCD214 /* VideoSplitViewController.swift */,
				187843A61EB3CE6F00BCD214 /* VideoPlayerControlsController.swift */,
				187843A91EB3E26100BCD214 /* VideoPlayerController.swift */,
				1846C96B1EAA9F0F009C63FD /* ScreenshotViewController.swift */,
			);
			name = "Video Player";
			sourceTree = "<group>";
		};
		1882722B1ECA7A4A00EE50D0 /* Theme Customizations */ = {
			isa = PBXGroup;
			children = (
				1882723D1ECAD4ED00EE50D0 /* ThemeButton.swift */,
				188272341ECAA50100EE50D0 /* ThemeView.swift */,
				1882723F1ECAD55400EE50D0 /* ThemeTabViewItem.swift */,
				186A2E051ECC14DF000FE0AB /* ThemeTables.swift */,
				188272401ECAD55400EE50D0 /* ThemeCheckbox.swift */,
				188272301ECA939300EE50D0 /* ThemePathControl.swift */,
				1882722E1ECA898900EE50D0 /* ThemeLabel.swift */,
			);
			name = "Theme Customizations";
			sourceTree = "<group>";
		};
		188272381ECAC74E00EE50D0 /* Images */ = {
			isa = PBXGroup;
			children = (
				188272191ECA704F00EE50D0 /* appicon-64px.png */,
				1882721A1ECA704F00EE50D0 /* appicon-1024px.png */,
				1882723B1ECAC82300EE50D0 /* darkbackground-3.jpg */,
				1882721B1ECA704F00EE50D0 /* appicon-512px.png */,
				188272451ECB759A00EE50D0 /* darkbrownbackground.png */,
				188272471ECB897E00EE50D0 /* darkbrownbackground-light.png */,
				1882724F1ECB9ABC00EE50D0 /* tablerow-lightgray.png */,
				188272531ECB9BB100EE50D0 /* tablerow-black.png */,
				1882724D1ECB9A3000EE50D0 /* tablerow-blue.png */,
				1882721C1ECA704F00EE50D0 /* appicon-256px.png */,
				188272291ECA74C300EE50D0 /* darkbackground.png */,
				188272511ECB9B2D00EE50D0 /* tablerow-dark.png */,
				188272391ECAC76900EE50D0 /* darkbackground-2.jpg */,
				1882721D1ECA704F00EE50D0 /* appicon-128px.png */,
				1882721E1ECA704F00EE50D0 /* appicon-32px.png */,
				1882721F1ECA704F00EE50D0 /* appicon-16px.png */,
			);
			name = Images;
			sourceTree = "<group>";
		};
		189D40BA1EC244D700E1298C /* Image Editor */ = {
			isa = PBXGroup;
			children = (
				1836DB821EC80B720000F749 /* SlideShowController.swift */,
				1836DB861EC824550000F749 /* SlideShowWindow.swift */,
				1814267E1EA9CB2F004CA3E5 /* ImageEditorViewController.swift */,
				189D40BB1EC244F000E1298C /* ImagEditorControlsController.swift */,
			);
			name = "Image Editor";
			sourceTree = "<group>";
		};
		18A483031EAFFE8B007F735B /* File Manager */ = {
			isa = PBXGroup;
			children = (
				18BAABAA1EADBDDD00EE5434 /* FileManagerViewController.swift */,
				188272551ECBFAE800EE50D0 /* NewProjectController.swift */,
				188272151ECA5FD300EE50D0 /* Document.swift */,
				188272171ECA61F000EE50D0 /* DocumentController.swift */,
				18A483041EAFFEB3007F735B /* FileManagerOptionsTabViewController.swift */,
				187843AB1EB4F78200BCD214 /* FileCopyProgressIndicator.swift */,
				185F4C2F1EB038D40046C452 /* FileManagerOptionsCopyController.swift */,
				185F4C331EB0398F0046C452 /* FileManagerOptionsDeleteController.swift */,
				185F4C311EB039840046C452 /* FileManagerOptionsOrganizeController.swift */,
				18BAABA41EAD98CC00EE5434 /* FileBrowserViewController.swift */,
				18C3A3D01EAE9068002F4CB5 /* FileManagerList.swift */,
				18A483081EAFFEDB007F735B /* FileManagerOptionsMoveController.swift */,
				18B001FC1EA6A0A8003C3214 /* Directory.swift */,
				18A4830A1EAFFEE8007F735B /* FileManagerOptionsRenameController.swift */,
			);
			name = "File Manager";
			sourceTree = "<group>";
		};
		18B001C01EA69C92003C3214 = {
			isa = PBXGroup;
			children = (
				18B001CB1EA69C92003C3214 /* Drone Files */,
				18B001E01EA69C92003C3214 /* Drone FilesTests */,
				18B001EB1EA69C92003C3214 /* Drone FilesUITests */,
				18B001CA1EA69C92003C3214 /* Products */,
				18BA71001EC94C8C00EE3595 /* Frameworks */,
			);
			sourceTree = "<group>";
		};
		18B001CA1EA69C92003C3214 /* Products */ = {
			isa = PBXGroup;
			children = (
				18B001C91EA69C92003C3214 /* Drone Files.app */,
				18B001DD1EA69C92003C3214 /* Drone FilesTests.xctest */,
				18B001E81EA69C92003C3214 /* Drone FilesUITests.xctest */,
			);
			name = Products;
			sourceTree = "<group>";
		};
		18B001CB1EA69C92003C3214 /* Drone Files */ = {
			isa = PBXGroup;
			children = (
				18B001CC1EA69C92003C3214 /* AppDelegate.swift */,
				188272131EC9E19800EE50D0 /* AppSettings.swift */,
				187843A81EB3CE8300BCD214 /* Video Player */,
				18A483031EAFFE8B007F735B /* File Manager */,
				1814267C1EA9BD69004CA3E5 /* EditorTabViewController.swift */,
				1814267A1EA9B450004CA3E5 /* EditorViewController.swift */,
				189D40BA1EC244D700E1298C /* Image Editor */,
				18B001D51EA69C92003C3214 /* Main.storyboard */,
				1836DB801EC4CB250000F749 /* MenuController.swift */,
				1882722B1ECA7A4A00EE50D0 /* Theme Customizations */,
				18BAABA01EAD8F5A00EE5434 /* SplitViewController.swift */,
				18BAABA81EADAF0200EE5434 /* SplitViewRightViewController.swift */,
				185F4C351EB124440046C452 /* Window.swift */,
				18B001FA1EA6A09D003C3214 /* WindowController.swift */,
				1883B15C1EAC445D00D722D5 /* Submarine.aiff */,
				18BAABA61EADA2CB00EE5434 /* Shutter.aif */,
				18B001D31EA69C92003C3214 /* Assets.xcassets */,
				188272381ECAC74E00EE50D0 /* Images */,
				18B001D81EA69C92003C3214 /* Info.plist */,
				18B001D01EA69C92003C3214 /* Drone_Files.xcdatamodeld */,
			);
			path = "Drone Files";
			sourceTree = "<group>";
		};
		18B001E01EA69C92003C3214 /* Drone FilesTests */ = {
			isa = PBXGroup;
			children = (
				18B001E11EA69C92003C3214 /* Drone_FilesTests.swift */,
				18B001E31EA69C92003C3214 /* Info.plist */,
			);
			path = "Drone FilesTests";
			sourceTree = "<group>";
		};
		18B001EB1EA69C92003C3214 /* Drone FilesUITests */ = {
			isa = PBXGroup;
			children = (
				18B001EC1EA69C92003C3214 /* Drone_FilesUITests.swift */,
				18B001EE1EA69C92003C3214 /* Info.plist */,
			);
			path = "Drone FilesUITests";
			sourceTree = "<group>";
		};
		18BA71001EC94C8C00EE3595 /* Frameworks */ = {
			isa = PBXGroup;
			children = (
			);
			name = Frameworks;
			sourceTree = "<group>";
		};
/* End PBXGroup section */

/* Begin PBXNativeTarget section */
		18B001C81EA69C92003C3214 /* Drone Files */ = {
			isa = PBXNativeTarget;
			buildConfigurationList = 18B001F11EA69C92003C3214 /* Build configuration list for PBXNativeTarget "Drone Files" */;
			buildPhases = (
				18B001C51EA69C92003C3214 /* Sources */,
				18B001C61EA69C92003C3214 /* Frameworks */,
				18B001C71EA69C92003C3214 /* Resources */,
				18BA71041EC94E0600EE3595 /* CopyFiles */,
			);
			buildRules = (
			);
			dependencies = (
			);
			name = "Drone Files";
			productName = "Drone Files";
			productReference = 18B001C91EA69C92003C3214 /* Drone Files.app */;
			productType = "com.apple.product-type.application";
		};
		18B001DC1EA69C92003C3214 /* Drone FilesTests */ = {
			isa = PBXNativeTarget;
			buildConfigurationList = 18B001F41EA69C92003C3214 /* Build configuration list for PBXNativeTarget "Drone FilesTests" */;
			buildPhases = (
				18B001D91EA69C92003C3214 /* Sources */,
				18B001DA1EA69C92003C3214 /* Frameworks */,
				18B001DB1EA69C92003C3214 /* Resources */,
			);
			buildRules = (
			);
			dependencies = (
				18B001DF1EA69C92003C3214 /* PBXTargetDependency */,
			);
			name = "Drone FilesTests";
			productName = "Drone FilesTests";
			productReference = 18B001DD1EA69C92003C3214 /* Drone FilesTests.xctest */;
			productType = "com.apple.product-type.bundle.unit-test";
		};
		18B001E71EA69C92003C3214 /* Drone FilesUITests */ = {
			isa = PBXNativeTarget;
			buildConfigurationList = 18B001F71EA69C92003C3214 /* Build configuration list for PBXNativeTarget "Drone FilesUITests" */;
			buildPhases = (
				18B001E41EA69C92003C3214 /* Sources */,
				18B001E51EA69C92003C3214 /* Frameworks */,
				18B001E61EA69C92003C3214 /* Resources */,
			);
			buildRules = (
			);
			dependencies = (
				18B001EA1EA69C92003C3214 /* PBXTargetDependency */,
			);
			name = "Drone FilesUITests";
			productName = "Drone FilesUITests";
			productReference = 18B001E81EA69C92003C3214 /* Drone FilesUITests.xctest */;
			productType = "com.apple.product-type.bundle.ui-testing";
		};
/* End PBXNativeTarget section */

/* Begin PBXProject section */
		18B001C11EA69C92003C3214 /* Project object */ = {
			isa = PBXProject;
			attributes = {
				LastSwiftUpdateCheck = 0830;
				LastUpgradeCheck = 0830;
				ORGANIZATIONNAME = "The Web Freaks, INC";
				TargetAttributes = {
					18B001C81EA69C92003C3214 = {
						CreatedOnToolsVersion = 8.3.1;
						ProvisioningStyle = Automatic;
					};
					18B001DC1EA69C92003C3214 = {
						CreatedOnToolsVersion = 8.3.1;
						ProvisioningStyle = Automatic;
						TestTargetID = 18B001C81EA69C92003C3214;
					};
					18B001E71EA69C92003C3214 = {
						CreatedOnToolsVersion = 8.3.1;
						ProvisioningStyle = Automatic;
						TestTargetID = 18B001C81EA69C92003C3214;
					};
				};
			};
			buildConfigurationList = 18B001C41EA69C92003C3214 /* Build configuration list for PBXProject "Drone Files" */;
			compatibilityVersion = "Xcode 3.2";
			developmentRegion = English;
			hasScannedForEncodings = 0;
			knownRegions = (
				en,
				Base,
			);
			mainGroup = 18B001C01EA69C92003C3214;
			productRefGroup = 18B001CA1EA69C92003C3214 /* Products */;
			projectDirPath = "";
			projectRoot = "";
			targets = (
				18B001C81EA69C92003C3214 /* Drone Files */,
				18B001DC1EA69C92003C3214 /* Drone FilesTests */,
				18B001E71EA69C92003C3214 /* Drone FilesUITests */,
			);
		};
/* End PBXProject section */

/* Begin PBXResourcesBuildPhase section */
		18B001C71EA69C92003C3214 /* Resources */ = {
			isa = PBXResourcesBuildPhase;
			buildActionMask = 2147483647;
			files = (
				188272261ECA704F00EE50D0 /* appicon-16px.png in Resources */,
				1882723A1ECAC76900EE50D0 /* darkbackground-2.jpg in Resources */,
				188272461ECB759A00EE50D0 /* darkbrownbackground.png in Resources */,
				188272541ECB9BB100EE50D0 /* tablerow-black.png in Resources */,
				188272231ECA704F00EE50D0 /* appicon-256px.png in Resources */,
				18BAABA71EADA2CB00EE5434 /* Shutter.aif in Resources */,
				188272501ECB9ABC00EE50D0 /* tablerow-lightgray.png in Resources */,
				188272211ECA704F00EE50D0 /* appicon-1024px.png in Resources */,
				1882723C1ECAC82300EE50D0 /* darkbackground-3.jpg in Resources */,
				188272251ECA704F00EE50D0 /* appicon-32px.png in Resources */,
				188272241ECA704F00EE50D0 /* appicon-128px.png in Resources */,
				188272201ECA704F00EE50D0 /* appicon-64px.png in Resources */,
				188272221ECA704F00EE50D0 /* appicon-512px.png in Resources */,
				1883B15D1EAC445D00D722D5 /* Submarine.aiff in Resources */,
				1882724E1ECB9A3000EE50D0 /* tablerow-blue.png in Resources */,
				188272521ECB9B2D00EE50D0 /* tablerow-dark.png in Resources */,
				18B001D41EA69C92003C3214 /* Assets.xcassets in Resources */,
				18B001D71EA69C92003C3214 /* Main.storyboard in Resources */,
				1882722A1ECA74C300EE50D0 /* darkbackground.png in Resources */,
				188272481ECB897E00EE50D0 /* darkbrownbackground-light.png in Resources */,
			);
			runOnlyForDeploymentPostprocessing = 0;
		};
		18B001DB1EA69C92003C3214 /* Resources */ = {
			isa = PBXResourcesBuildPhase;
			buildActionMask = 2147483647;
			files = (
			);
			runOnlyForDeploymentPostprocessing = 0;
		};
		18B001E61EA69C92003C3214 /* Resources */ = {
			isa = PBXResourcesBuildPhase;
			buildActionMask = 2147483647;
			files = (
			);
			runOnlyForDeploymentPostprocessing = 0;
		};
/* End PBXResourcesBuildPhase section */

/* Begin PBXSourcesBuildPhase section */
		18B001C51EA69C92003C3214 /* Sources */ = {
			isa = PBXSourcesBuildPhase;
			buildActionMask = 2147483647;
			files = (
				1814267B1EA9B450004CA3E5 /* EditorViewController.swift in Sources */,
				185F4C341EB0398F0046C452 /* FileManagerOptionsDeleteController.swift in Sources */,
				185F4C361EB124440046C452 /* Window.swift in Sources */,
				18BAABA91EADAF0200EE5434 /* SplitViewRightViewController.swift in Sources */,
				18B001FB1EA6A09D003C3214 /* WindowController.swift in Sources */,
				188272411ECAD55400EE50D0 /* ThemeTabViewItem.swift in Sources */,
				1846C96C1EAA9F0F009C63FD /* ScreenshotViewController.swift in Sources */,
				1814267F1EA9CB2F004CA3E5 /* ImageEditorViewController.swift in Sources */,
				1882723E1ECAD4ED00EE50D0 /* ThemeButton.swift in Sources */,
				18BAABA51EAD98CC00EE5434 /* FileBrowserViewController.swift in Sources */,
				189D40BC1EC244F000E1298C /* ImagEditorControlsController.swift in Sources */,
				188272181ECA61F000EE50D0 /* DocumentController.swift in Sources */,
				188272311ECA939300EE50D0 /* ThemePathControl.swift in Sources */,
				18BAABAB1EADBDDE00EE5434 /* FileManagerViewController.swift in Sources */,
				188272141EC9E19800EE50D0 /* AppSettings.swift in Sources */,
				187843AA1EB3E26100BCD214 /* VideoPlayerController.swift in Sources */,
				185F4C321EB039840046C452 /* FileManagerOptionsOrganizeController.swift in Sources */,
				188272351ECAA50100EE50D0 /* ThemeView.swift in Sources */,
				187843A51EB3CB1D00BCD214 /* VideoSplitViewController.swift in Sources */,
				188272161ECA5FD300EE50D0 /* Document.swift in Sources */,
				18B001D21EA69C92003C3214 /* Drone_Files.xcdatamodeld in Sources */,
				18BAABA11EAD8F5A00EE5434 /* SplitViewController.swift in Sources */,
				188272561ECBFAE800EE50D0 /* NewProjectController.swift in Sources */,
				188272421ECAD55400EE50D0 /* ThemeCheckbox.swift in Sources */,
				18A4830B1EAFFEE8007F735B /* FileManagerOptionsRenameController.swift in Sources */,
				187843A71EB3CE6F00BCD214 /* VideoPlayerControlsController.swift in Sources */,
				18B001CD1EA69C92003C3214 /* AppDelegate.swift in Sources */,
				1836DB871EC824550000F749 /* SlideShowWindow.swift in Sources */,
				1882722F1ECA898900EE50D0 /* ThemeLabel.swift in Sources */,
				18A483091EAFFEDB007F735B /* FileManagerOptionsMoveController.swift in Sources */,
				18C3A3D11EAE9068002F4CB5 /* FileManagerList.swift in Sources */,
				18A483051EAFFEB3007F735B /* FileManagerOptionsTabViewController.swift in Sources */,
				18B001FD1EA6A0A8003C3214 /* Directory.swift in Sources */,
				1836DB831EC80B720000F749 /* SlideShowController.swift in Sources */,
				1814267D1EA9BD69004CA3E5 /* EditorTabViewController.swift in Sources */,
				185F4C301EB038D40046C452 /* FileManagerOptionsCopyController.swift in Sources */,
				1836DB811EC4CB250000F749 /* MenuController.swift in Sources */,
				186A2E061ECC14DF000FE0AB /* ThemeTables.swift in Sources */,
				187843AC1EB4F78200BCD214 /* FileCopyProgressIndicator.swift in Sources */,
			);
			runOnlyForDeploymentPostprocessing = 0;
		};
		18B001D91EA69C92003C3214 /* Sources */ = {
			isa = PBXSourcesBuildPhase;
			buildActionMask = 2147483647;
			files = (
				18B001E21EA69C92003C3214 /* Drone_FilesTests.swift in Sources */,
			);
			runOnlyForDeploymentPostprocessing = 0;
		};
		18B001E41EA69C92003C3214 /* Sources */ = {
			isa = PBXSourcesBuildPhase;
			buildActionMask = 2147483647;
			files = (
				18B001ED1EA69C92003C3214 /* Drone_FilesUITests.swift in Sources */,
			);
			runOnlyForDeploymentPostprocessing = 0;
		};
/* End PBXSourcesBuildPhase section */

/* Begin PBXTargetDependency section */
		18B001DF1EA69C92003C3214 /* PBXTargetDependency */ = {
			isa = PBXTargetDependency;
			target = 18B001C81EA69C92003C3214 /* Drone Files */;
			targetProxy = 18B001DE1EA69C92003C3214 /* PBXContainerItemProxy */;
		};
		18B001EA1EA69C92003C3214 /* PBXTargetDependency */ = {
			isa = PBXTargetDependency;
			target = 18B001C81EA69C92003C3214 /* Drone Files */;
			targetProxy = 18B001E91EA69C92003C3214 /* PBXContainerItemProxy */;
		};
/* End PBXTargetDependency section */

/* Begin PBXVariantGroup section */
		18B001D51EA69C92003C3214 /* Main.storyboard */ = {
			isa = PBXVariantGroup;
			children = (
				18B001D61EA69C92003C3214 /* Base */,
			);
			name = Main.storyboard;
			sourceTree = "<group>";
		};
/* End PBXVariantGroup section */

/* Begin XCBuildConfiguration section */
		18B001EF1EA69C92003C3214 /* Debug */ = {
			isa = XCBuildConfiguration;
			buildSettings = {
				ALWAYS_SEARCH_USER_PATHS = NO;
				CLANG_ANALYZER_NONNULL = YES;
				CLANG_ANALYZER_NUMBER_OBJECT_CONVERSION = YES_AGGRESSIVE;
				CLANG_CXX_LANGUAGE_STANDARD = "gnu++0x";
				CLANG_CXX_LIBRARY = "libc++";
				CLANG_ENABLE_MODULES = YES;
				CLANG_ENABLE_OBJC_ARC = YES;
				CLANG_WARN_BOOL_CONVERSION = YES;
				CLANG_WARN_CONSTANT_CONVERSION = YES;
				CLANG_WARN_DIRECT_OBJC_ISA_USAGE = YES_ERROR;
				CLANG_WARN_DOCUMENTATION_COMMENTS = YES;
				CLANG_WARN_EMPTY_BODY = YES;
				CLANG_WARN_ENUM_CONVERSION = YES;
				CLANG_WARN_INFINITE_RECURSION = YES;
				CLANG_WARN_INT_CONVERSION = YES;
				CLANG_WARN_OBJC_ROOT_CLASS = YES_ERROR;
				CLANG_WARN_SUSPICIOUS_MOVE = YES;
				CLANG_WARN_UNREACHABLE_CODE = YES;
				CLANG_WARN__DUPLICATE_METHOD_MATCH = YES;
				CODE_SIGN_IDENTITY = "-";
				COPY_PHASE_STRIP = NO;
				DEBUG_INFORMATION_FORMAT = dwarf;
				ENABLE_STRICT_OBJC_MSGSEND = YES;
				ENABLE_TESTABILITY = YES;
				GCC_C_LANGUAGE_STANDARD = gnu99;
				GCC_DYNAMIC_NO_PIC = NO;
				GCC_NO_COMMON_BLOCKS = YES;
				GCC_OPTIMIZATION_LEVEL = 0;
				GCC_PREPROCESSOR_DEFINITIONS = (
					"DEBUG=1",
					"$(inherited)",
				);
				GCC_WARN_64_TO_32_BIT_CONVERSION = YES;
				GCC_WARN_ABOUT_RETURN_TYPE = YES_ERROR;
				GCC_WARN_UNDECLARED_SELECTOR = YES;
				GCC_WARN_UNINITIALIZED_AUTOS = YES_AGGRESSIVE;
				GCC_WARN_UNUSED_FUNCTION = YES;
				GCC_WARN_UNUSED_VARIABLE = YES;
				MACOSX_DEPLOYMENT_TARGET = 10.12;
				MTL_ENABLE_DEBUG_INFO = YES;
				ONLY_ACTIVE_ARCH = YES;
				SDKROOT = macosx;
				SWIFT_ACTIVE_COMPILATION_CONDITIONS = DEBUG;
				SWIFT_OPTIMIZATION_LEVEL = "-Onone";
			};
			name = Debug;
		};
		18B001F01EA69C92003C3214 /* Release */ = {
			isa = XCBuildConfiguration;
			buildSettings = {
				ALWAYS_SEARCH_USER_PATHS = NO;
				CLANG_ANALYZER_NONNULL = YES;
				CLANG_ANALYZER_NUMBER_OBJECT_CONVERSION = YES_AGGRESSIVE;
				CLANG_CXX_LANGUAGE_STANDARD = "gnu++0x";
				CLANG_CXX_LIBRARY = "libc++";
				CLANG_ENABLE_MODULES = YES;
				CLANG_ENABLE_OBJC_ARC = YES;
				CLANG_WARN_BOOL_CONVERSION = YES;
				CLANG_WARN_CONSTANT_CONVERSION = YES;
				CLANG_WARN_DIRECT_OBJC_ISA_USAGE = YES_ERROR;
				CLANG_WARN_DOCUMENTATION_COMMENTS = YES;
				CLANG_WARN_EMPTY_BODY = YES;
				CLANG_WARN_ENUM_CONVERSION = YES;
				CLANG_WARN_INFINITE_RECURSION = YES;
				CLANG_WARN_INT_CONVERSION = YES;
				CLANG_WARN_OBJC_ROOT_CLASS = YES_ERROR;
				CLANG_WARN_SUSPICIOUS_MOVE = YES;
				CLANG_WARN_UNREACHABLE_CODE = YES;
				CLANG_WARN__DUPLICATE_METHOD_MATCH = YES;
				CODE_SIGN_IDENTITY = "-";
				COPY_PHASE_STRIP = NO;
				DEBUG_INFORMATION_FORMAT = "dwarf-with-dsym";
				ENABLE_NS_ASSERTIONS = NO;
				ENABLE_STRICT_OBJC_MSGSEND = YES;
				GCC_C_LANGUAGE_STANDARD = gnu99;
				GCC_NO_COMMON_BLOCKS = YES;
				GCC_WARN_64_TO_32_BIT_CONVERSION = YES;
				GCC_WARN_ABOUT_RETURN_TYPE = YES_ERROR;
				GCC_WARN_UNDECLARED_SELECTOR = YES;
				GCC_WARN_UNINITIALIZED_AUTOS = YES_AGGRESSIVE;
				GCC_WARN_UNUSED_FUNCTION = YES;
				GCC_WARN_UNUSED_VARIABLE = YES;
				MACOSX_DEPLOYMENT_TARGET = 10.12;
				MTL_ENABLE_DEBUG_INFO = NO;
				SDKROOT = macosx;
				SWIFT_OPTIMIZATION_LEVEL = "-Owholemodule";
			};
			name = Release;
		};
		18B001F21EA69C92003C3214 /* Debug */ = {
			isa = XCBuildConfiguration;
			buildSettings = {
				ASSETCATALOG_COMPILER_APPICON_NAME = AppIcon;
				COMBINE_HIDPI_IMAGES = YES;
				INFOPLIST_FILE = "Drone Files/Info.plist";
				LD_RUNPATH_SEARCH_PATHS = "$(inherited) @executable_path/../Frameworks";
				PRODUCT_BUNDLE_IDENTIFIER = "com.thewebfreaks.Drone-Files";
				PRODUCT_NAME = "$(TARGET_NAME)";
				SWIFT_VERSION = 3.0;
			};
			name = Debug;
		};
		18B001F31EA69C92003C3214 /* Release */ = {
			isa = XCBuildConfiguration;
			buildSettings = {
				ASSETCATALOG_COMPILER_APPICON_NAME = AppIcon;
				COMBINE_HIDPI_IMAGES = YES;
				INFOPLIST_FILE = "Drone Files/Info.plist";
				LD_RUNPATH_SEARCH_PATHS = "$(inherited) @executable_path/../Frameworks";
				PRODUCT_BUNDLE_IDENTIFIER = "com.thewebfreaks.Drone-Files";
				PRODUCT_NAME = "$(TARGET_NAME)";
				SWIFT_VERSION = 3.0;
			};
			name = Release;
		};
		18B001F51EA69C92003C3214 /* Debug */ = {
			isa = XCBuildConfiguration;
			buildSettings = {
				ALWAYS_EMBED_SWIFT_STANDARD_LIBRARIES = YES;
				BUNDLE_LOADER = "$(TEST_HOST)";
				COMBINE_HIDPI_IMAGES = YES;
				INFOPLIST_FILE = "Drone FilesTests/Info.plist";
				LD_RUNPATH_SEARCH_PATHS = "$(inherited) @executable_path/../Frameworks @loader_path/../Frameworks";
				PRODUCT_BUNDLE_IDENTIFIER = "com.thewebfreaks.Drone-FilesTests";
				PRODUCT_NAME = "$(TARGET_NAME)";
				SWIFT_VERSION = 3.0;
				TEST_HOST = "$(BUILT_PRODUCTS_DIR)/Drone Files.app/Contents/MacOS/Drone Files";
			};
			name = Debug;
		};
		18B001F61EA69C92003C3214 /* Release */ = {
			isa = XCBuildConfiguration;
			buildSettings = {
				ALWAYS_EMBED_SWIFT_STANDARD_LIBRARIES = YES;
				BUNDLE_LOADER = "$(TEST_HOST)";
				COMBINE_HIDPI_IMAGES = YES;
				INFOPLIST_FILE = "Drone FilesTests/Info.plist";
				LD_RUNPATH_SEARCH_PATHS = "$(inherited) @executable_path/../Frameworks @loader_path/../Frameworks";
				PRODUCT_BUNDLE_IDENTIFIER = "com.thewebfreaks.Drone-FilesTests";
				PRODUCT_NAME = "$(TARGET_NAME)";
				SWIFT_VERSION = 3.0;
				TEST_HOST = "$(BUILT_PRODUCTS_DIR)/Drone Files.app/Contents/MacOS/Drone Files";
			};
			name = Release;
		};
		18B001F81EA69C92003C3214 /* Debug */ = {
			isa = XCBuildConfiguration;
			buildSettings = {
				ALWAYS_EMBED_SWIFT_STANDARD_LIBRARIES = YES;
				COMBINE_HIDPI_IMAGES = YES;
				INFOPLIST_FILE = "Drone FilesUITests/Info.plist";
				LD_RUNPATH_SEARCH_PATHS = "$(inherited) @executable_path/../Frameworks @loader_path/../Frameworks";
				PRODUCT_BUNDLE_IDENTIFIER = "com.thewebfreaks.Drone-FilesUITests";
				PRODUCT_NAME = "$(TARGET_NAME)";
				SWIFT_VERSION = 3.0;
				TEST_TARGET_NAME = "Drone Files";
			};
			name = Debug;
		};
		18B001F91EA69C92003C3214 /* Release */ = {
			isa = XCBuildConfiguration;
			buildSettings = {
				ALWAYS_EMBED_SWIFT_STANDARD_LIBRARIES = YES;
				COMBINE_HIDPI_IMAGES = YES;
				INFOPLIST_FILE = "Drone FilesUITests/Info.plist";
				LD_RUNPATH_SEARCH_PATHS = "$(inherited) @executable_path/../Frameworks @loader_path/../Frameworks";
				PRODUCT_BUNDLE_IDENTIFIER = "com.thewebfreaks.Drone-FilesUITests";
				PRODUCT_NAME = "$(TARGET_NAME)";
				SWIFT_VERSION = 3.0;
				TEST_TARGET_NAME = "Drone Files";
			};
			name = Release;
		};
/* End XCBuildConfiguration section */

/* Begin XCConfigurationList section */
		18B001C41EA69C92003C3214 /* Build configuration list for PBXProject "Drone Files" */ = {
			isa = XCConfigurationList;
			buildConfigurations = (
				18B001EF1EA69C92003C3214 /* Debug */,
				18B001F01EA69C92003C3214 /* Release */,
			);
			defaultConfigurationIsVisible = 0;
			defaultConfigurationName = Release;
		};
		18B001F11EA69C92003C3214 /* Build configuration list for PBXNativeTarget "Drone Files" */ = {
			isa = XCConfigurationList;
			buildConfigurations = (
				18B001F21EA69C92003C3214 /* Debug */,
				18B001F31EA69C92003C3214 /* Release */,
			);
			defaultConfigurationIsVisible = 0;
			defaultConfigurationName = Release;
		};
		18B001F41EA69C92003C3214 /* Build configuration list for PBXNativeTarget "Drone FilesTests" */ = {
			isa = XCConfigurationList;
			buildConfigurations = (
				18B001F51EA69C92003C3214 /* Debug */,
				18B001F61EA69C92003C3214 /* Release */,
			);
			defaultConfigurationIsVisible = 0;
			defaultConfigurationName = Release;
		};
		18B001F71EA69C92003C3214 /* Build configuration list for PBXNativeTarget "Drone FilesUITests" */ = {
			isa = XCConfigurationList;
			buildConfigurations = (
				18B001F81EA69C92003C3214 /* Debug */,
				18B001F91EA69C92003C3214 /* Release */,
			);
			defaultConfigurationIsVisible = 0;
			defaultConfigurationName = Release;
		};
/* End XCConfigurationList section */

/* Begin XCVersionGroup section */
		18B001D01EA69C92003C3214 /* Drone_Files.xcdatamodeld */ = {
			isa = XCVersionGroup;
			children = (
				18B001D11EA69C92003C3214 /* Drone_Files.xcdatamodel */,
			);
			currentVersion = 18B001D11EA69C92003C3214 /* Drone_Files.xcdatamodel */;
			path = Drone_Files.xcdatamodeld;
			sourceTree = "<group>";
			versionGroupType = wrapper.xcdatamodel;
		};
/* End XCVersionGroup section */
	};
	rootObject = 18B001C11EA69C92003C3214 /* Project object */;
}
